
Microsoft Visual Studio Solution File, Format Version 12.00
# Visual Studio 15
VisualStudioVersion = 15.0.28010.2026
MinimumVisualStudioVersion = 10.0.40219.1
Project("{FAE04EC0-301F-11D3-BF4B-00C04F79EFBC}") = "GUI", "GUI\GUI.csproj", "{71B91DA4-E7E6-4CE7-8CC1-1E831EDE4011}"
EndProject
Project("{FAE04EC0-301F-11D3-BF4B-00C04F79EFBC}") = "Modelo", "Modelo\Modelo.csproj", "{6BB7A9DA-7933-43A8-B193-91A2C4999010}"
EndProject
Project("{FAE04EC0-301F-11D3-BF4B-00C04F79EFBC}") = "BLL", "BLL\BLL.csproj", "{5D20F6D5-83FE-4DA7-87FC-260F5D63ADB0}"
EndProject
Project("{FAE04EC0-301F-11D3-BF4B-00C04F79EFBC}") = "DAL", "DAL\DAL.csproj", "{62E53EDE-8813-4C43-8718-1644129B4C69}"
EndProject
Project("{FAE04EC0-301F-11D3-BF4B-00C04F79EFBC}") = "Ferramentas", "Ferramentas\Ferramentas.csproj", "{A3FAD5C0-AE4D-4D83-AC1C-995A5E70ACDB}"
EndProject
Global
	GlobalSection(SolutionConfigurationPlatforms) = preSolution
		Debug|Any CPU = Debug|Any CPU
		Release|Any CPU = Release|Any CPU
	EndGlobalSection
	GlobalSection(ProjectConfigurationPlatforms) = postSolution
		{71B91DA4-E7E6-4CE7-8CC1-1E831EDE4011}.Debug|Any CPU.ActiveCfg = Debug|Any CPU
		{71B91DA4-E7E6-4CE7-8CC1-1E831EDE4011}.Debug|Any CPU.Build.0 = Debug|Any CPU
		{71B91DA4-E7E6-4CE7-8CC1-1E831EDE4011}.Release|Any CPU.ActiveCfg = Release|Any CPU
		{71B91DA4-E7E6-4CE7-8CC1-1E831EDE4011}.Release|Any CPU.Build.0 = Release|Any CPU
		{6BB7A9DA-7933-43A8-B193-91A2C4999010}.Debug|Any CPU.ActiveCfg = Debug|Any CPU
		{6BB7A9DA-7933-43A8-B193-91A2C4999010}.Debug|Any CPU.Build.0 = Debug|Any CPU
		{6BB7A9DA-7933-43A8-B193-91A2C4999010}.Release|Any CPU.ActiveCfg = Release|Any CPU
		{6BB7A9DA-7933-43A8-B193-91A2C4999010}.Release|Any CPU.Build.0 = Release|Any CPU
		{5D20F6D5-83FE-4DA7-87FC-260F5D63ADB0}.Debug|Any CPU.ActiveCfg = Debug|Any CPU
		{5D20F6D5-83FE-4DA7-87FC-260F5D63ADB0}.Debug|Any CPU.Build.0 = Debug|Any CPU
		{5D20F6D5-83FE-4DA7-87FC-260F5D63ADB0}.Release|Any CPU.ActiveCfg = Release|Any CPU
		{5D20F6D5-83FE-4DA7-87FC-260F5D63ADB0}.Release|Any CPU.Build.0 = Release|Any CPU
		{62E53EDE-8813-4C43-8718-1644129B4C69}.Debug|Any CPU.ActiveCfg = Debug|Any CPU
		{62E53EDE-8813-4C43-8718-1644129B4C69}.Debug|Any CPU.Build.0 = Debug|Any CPU
		{62E53EDE-8813-4C43-8718-1644129B4C69}.Release|Any CPU.ActiveCfg = Release|Any CPU
		{62E53EDE-8813-4C43-8718-1644129B4C69}.Release|Any CPU.Build.0 = Release|Any CPU
		{A3FAD5C0-AE4D-4D83-AC1C-995A5E70ACDB}.Debug|Any CPU.ActiveCfg = Debug|Any CPU
		{A3FAD5C0-AE4D-4D83-AC1C-995A5E70ACDB}.Debug|Any CPU.Build.0 = Debug|Any CPU
		{A3FAD5C0-AE4D-4D83-AC1C-995A5E70ACDB}.Release|Any CPU.ActiveCfg = Release|Any CPU
		{A3FAD5C0-AE4D-4D83-AC1C-995A5E70ACDB}.Release|Any CPU.Build.0 = Release|Any CPU
	EndGlobalSection
	GlobalSection(SolutionProperties) = preSolution
		HideSolutionNode = FALSE
	EndGlobalSection
	GlobalSection(ExtensibilityGlobals) = postSolution
		SolutionGuid = {9AA2407E-46C1-4825-8597-1AD2CA3717BA}
	EndGlobalSection
EndGlobal
